
Microsoft Visual Studio Solution File, Format Version 12.00
# Visual Studio Version 16
VisualStudioVersion = 16.0.30225.117
MinimumVisualStudioVersion = 10.0.40219.1
Project("{FAE04EC0-301F-11D3-BF4B-00C04F79EFBC}") = "WarefDemo", "WarefDemo\WarefDemo.csproj", "{1DF59827-FC68-486A-980D-3952BF87BA39}"
EndProject
Global
	GlobalSection(SolutionConfigurationPlatforms) = preSolution
		Debug|Any CPU = Debug|Any CPU
		Release|Any CPU = Release|Any CPU
	EndGlobalSection
	GlobalSection(ProjectConfigurationPlatforms) = postSolution
		{1DF59827-FC68-486A-980D-3952BF87BA39}.Debug|Any CPU.ActiveCfg = Debug|Any CPU
		{1DF59827-FC68-486A-980D-3952BF87BA39}.Debug|Any CPU.Build.0 = Debug|Any CPU
		{1DF59827-FC68-486A-980D-3952BF87BA39}.Release|Any CPU.ActiveCfg = Release|Any CPU
		{1DF59827-FC68-486A-980D-3952BF87BA39}.Release|Any CPU.Build.0 = Release|Any CPU
	EndGlobalSection
	GlobalSection(SolutionProperties) = preSolution
		HideSolutionNode = FALSE
	EndGlobalSection
	GlobalSection(ExtensibilityGlobals) = postSolution
		SolutionGuid = {5A053675-6A44-4D0A-A192-E3453007606D}
	EndGlobalSection
EndGlobal
